
Microsoft Visual Studio Solution File, Format Version 12.00
# Visual Studio Version 17
VisualStudioVersion = 17.10.35122.118
MinimumVisualStudioVersion = 10.0.40219.1
Project("{9A19103F-16F7-4668-BE54-9A1E7A4F7556}") = "Blog.Core", "src\Blog.Core\Blog.Core.csproj", "{06326338-1A07-4B9D-97D4-3873AF23D743}"
EndProject
Project("{9A19103F-16F7-4668-BE54-9A1E7A4F7556}") = "Blog.Data", "src\Blog.Data\Blog.Data.csproj", "{B2E19F31-2C0C-4203-8719-0677A9A869FB}"
EndProject
Project("{9A19103F-16F7-4668-BE54-9A1E7A4F7556}") = "Blog.WebApp", "src\Blog.WebApp\Blog.WebApp.csproj", "{D0D66BFE-1D0F-405F-949D-18F6680A9DB4}"
EndProject
Project("{9A19103F-16F7-4668-BE54-9A1E7A4F7556}") = "Blog.Api", "src\Blog.Api\Blog.Api.csproj", "{A8B6279D-A2A0-4F24-AC40-A33AE917EA04}"
EndProject
Project("{2150E333-8FDC-42A3-9474-1A3956D46DE8}") = "0.", "0.", "{0E39EED8-C611-440B-9415-99A4D1453426}"
EndProject
Project("{2150E333-8FDC-42A3-9474-1A3956D46DE8}") = "1.", "1.", "{ABECFDEC-3350-4E4F-BF40-0D55A759F12A}"
EndProject
Project("{FAE04EC0-301F-11D3-BF4B-00C04F79EFBC}") = "Blog.Data_Relationship", "src\relationship\Blog.Data-Relationship\Blog.Data_Relationship.csproj", "{B536BCE5-071E-4A43-9224-005B6EC37D1D}"
EndProject
Project("{FAE04EC0-301F-11D3-BF4B-00C04F79EFBC}") = "Blog.Core_Relationship", "src\relationship\Blog.Core-Relationship\Blog.Core_Relationship.csproj", "{D39B497C-24C5-4088-BE40-0784B1A8B123}"
EndProject
Global
	GlobalSection(SolutionConfigurationPlatforms) = preSolution
		Debug|Any CPU = Debug|Any CPU
		Release|Any CPU = Release|Any CPU
	EndGlobalSection
	GlobalSection(ProjectConfigurationPlatforms) = postSolution
		{06326338-1A07-4B9D-97D4-3873AF23D743}.Debug|Any CPU.ActiveCfg = Debug|Any CPU
		{06326338-1A07-4B9D-97D4-3873AF23D743}.Debug|Any CPU.Build.0 = Debug|Any CPU
		{06326338-1A07-4B9D-97D4-3873AF23D743}.Release|Any CPU.ActiveCfg = Release|Any CPU
		{06326338-1A07-4B9D-97D4-3873AF23D743}.Release|Any CPU.Build.0 = Release|Any CPU
		{B2E19F31-2C0C-4203-8719-0677A9A869FB}.Debug|Any CPU.ActiveCfg = Debug|Any CPU
		{B2E19F31-2C0C-4203-8719-0677A9A869FB}.Debug|Any CPU.Build.0 = Debug|Any CPU
		{B2E19F31-2C0C-4203-8719-0677A9A869FB}.Release|Any CPU.ActiveCfg = Release|Any CPU
		{B2E19F31-2C0C-4203-8719-0677A9A869FB}.Release|Any CPU.Build.0 = Release|Any CPU
		{D0D66BFE-1D0F-405F-949D-18F6680A9DB4}.Debug|Any CPU.ActiveCfg = Debug|Any CPU
		{D0D66BFE-1D0F-405F-949D-18F6680A9DB4}.Debug|Any CPU.Build.0 = Debug|Any CPU
		{D0D66BFE-1D0F-405F-949D-18F6680A9DB4}.Release|Any CPU.ActiveCfg = Release|Any CPU
		{D0D66BFE-1D0F-405F-949D-18F6680A9DB4}.Release|Any CPU.Build.0 = Release|Any CPU
		{A8B6279D-A2A0-4F24-AC40-A33AE917EA04}.Debug|Any CPU.ActiveCfg = Debug|Any CPU
		{A8B6279D-A2A0-4F24-AC40-A33AE917EA04}.Debug|Any CPU.Build.0 = Debug|Any CPU
		{A8B6279D-A2A0-4F24-AC40-A33AE917EA04}.Release|Any CPU.ActiveCfg = Release|Any CPU
		{A8B6279D-A2A0-4F24-AC40-A33AE917EA04}.Release|Any CPU.Build.0 = Release|Any CPU
		{B536BCE5-071E-4A43-9224-005B6EC37D1D}.Debug|Any CPU.ActiveCfg = Debug|Any CPU
		{B536BCE5-071E-4A43-9224-005B6EC37D1D}.Debug|Any CPU.Build.0 = Debug|Any CPU
		{B536BCE5-071E-4A43-9224-005B6EC37D1D}.Release|Any CPU.ActiveCfg = Release|Any CPU
		{B536BCE5-071E-4A43-9224-005B6EC37D1D}.Release|Any CPU.Build.0 = Release|Any CPU
		{D39B497C-24C5-4088-BE40-0784B1A8B123}.Debug|Any CPU.ActiveCfg = Debug|Any CPU
		{D39B497C-24C5-4088-BE40-0784B1A8B123}.Debug|Any CPU.Build.0 = Debug|Any CPU
		{D39B497C-24C5-4088-BE40-0784B1A8B123}.Release|Any CPU.ActiveCfg = Release|Any CPU
		{D39B497C-24C5-4088-BE40-0784B1A8B123}.Release|Any CPU.Build.0 = Release|Any CPU
	EndGlobalSection
	GlobalSection(SolutionProperties) = preSolution
		HideSolutionNode = FALSE
	EndGlobalSection
	GlobalSection(NestedProjects) = preSolution
		{06326338-1A07-4B9D-97D4-3873AF23D743} = {0E39EED8-C611-440B-9415-99A4D1453426}
		{B2E19F31-2C0C-4203-8719-0677A9A869FB} = {0E39EED8-C611-440B-9415-99A4D1453426}
		{D0D66BFE-1D0F-405F-949D-18F6680A9DB4} = {0E39EED8-C611-440B-9415-99A4D1453426}
		{A8B6279D-A2A0-4F24-AC40-A33AE917EA04} = {0E39EED8-C611-440B-9415-99A4D1453426}
		{B536BCE5-071E-4A43-9224-005B6EC37D1D} = {ABECFDEC-3350-4E4F-BF40-0D55A759F12A}
		{D39B497C-24C5-4088-BE40-0784B1A8B123} = {ABECFDEC-3350-4E4F-BF40-0D55A759F12A}
	EndGlobalSection
	GlobalSection(ExtensibilityGlobals) = postSolution
		SolutionGuid = {D8ABBF13-8B17-4465-AC7B-83055C63BE8A}
	EndGlobalSection
EndGlobal
